
Microsoft Visual Studio Solution File, Format Version 12.00
# Visual Studio 15
VisualStudioVersion = 15.0.27703.2018
MinimumVisualStudioVersion = 10.0.40219.1
Project("{FAE04EC0-301F-11D3-BF4B-00C04F79EFBC}") = "ChartHandler.MvcWebApplication", "ChartHandler.MvcWebApplication\ChartHandler.MvcWebApplication.csproj", "{424CE852-42D0-4BB5-A3CD-9D8F411239D5}"
EndProject
Project("{FAE04EC0-301F-11D3-BF4B-00C04F79EFBC}") = "ChartHandler.Library", "ChartHandler.Library\ChartHandler.Library.csproj", "{1C48AF2F-3FC5-42C3-8C13-9A5A38D2FA5D}"
EndProject
Global
	GlobalSection(SolutionConfigurationPlatforms) = preSolution
		Debug|Any CPU = Debug|Any CPU
		Release|Any CPU = Release|Any CPU
	EndGlobalSection
	GlobalSection(ProjectConfigurationPlatforms) = postSolution
		{424CE852-42D0-4BB5-A3CD-9D8F411239D5}.Debug|Any CPU.ActiveCfg = Debug|Any CPU
		{424CE852-42D0-4BB5-A3CD-9D8F411239D5}.Debug|Any CPU.Build.0 = Debug|Any CPU
		{424CE852-42D0-4BB5-A3CD-9D8F411239D5}.Release|Any CPU.ActiveCfg = Release|Any CPU
		{424CE852-42D0-4BB5-A3CD-9D8F411239D5}.Release|Any CPU.Build.0 = Release|Any CPU
		{1C48AF2F-3FC5-42C3-8C13-9A5A38D2FA5D}.Debug|Any CPU.ActiveCfg = Debug|Any CPU
		{1C48AF2F-3FC5-42C3-8C13-9A5A38D2FA5D}.Debug|Any CPU.Build.0 = Debug|Any CPU
		{1C48AF2F-3FC5-42C3-8C13-9A5A38D2FA5D}.Release|Any CPU.ActiveCfg = Release|Any CPU
		{1C48AF2F-3FC5-42C3-8C13-9A5A38D2FA5D}.Release|Any CPU.Build.0 = Release|Any CPU
	EndGlobalSection
	GlobalSection(SolutionProperties) = preSolution
		HideSolutionNode = FALSE
	EndGlobalSection
	GlobalSection(ExtensibilityGlobals) = postSolution
		SolutionGuid = {D69F1960-1D39-4043-8F94-4BABE4D4F2C7}
	EndGlobalSection
EndGlobal
